{
  "name": "validate",
  "version": "0.0.0",
  "lockfileVersion": 1,
  "requires": true,
  "dependencies": {
    "boom": {
      "version": "7.3.0",
      "resolved": "https://registry.npmjs.org/boom/-/boom-7.3.0.tgz",
      "integrity": "sha512-Swpoyi2t5+GhOEGw8rEsKvTxFLIDiiKoUc2gsoV6Lyr43LHBIzch3k2MvYUs8RTROrIkVJ3Al0TkaOGjnb+B6A==",
      "requires": {
        "hoek": "6.x.x"
      }
    },
    "bossy": {
      "version": "4.0.3",
      "resolved": "https://registry.npmjs.org/bossy/-/bossy-4.0.3.tgz",
      "integrity": "sha512-2Hr2cgtwNi/BWIxwvrr3UbwczPV8gqoHUS8Wzuawo+StFNHDlj/7HGlETh1LX6SqMauBCU8lb+lLBuIFpBNuTA==",
      "requires": {
        "boom": "7.x.x",
        "hoek": "6.x.x",
        "joi": "14.x.x"
      }
    },
    "hoek": {
      "version": "6.1.1",
      "resolved": "https://registry.npmjs.org/hoek/-/hoek-6.1.1.tgz",
      "integrity": "sha512-q60PigXXRtRFSe1+Eal3y/wlIq5weFsYPiyulkg1EAObgWhkDqSwj4xqgtd7qT3IpS6e4eLigyMWH6duPRI7QA=="
    },
    "isemail": {
      "version": "3.2.0",
      "resolved": "https://registry.npmjs.org/isemail/-/isemail-3.2.0.tgz",
      "integrity": "sha512-zKqkK+O+dGqevc93KNsbZ/TqTUFd46MwWjYOoMrjIMZ51eU7DtQG3Wmd9SQQT7i7RVnuTPEiYEWHU3MSbxC1Tg==",
      "requires": {
        "punycode": "2.x.x"
      }
    },
    "joi": {
      "version": "14.3.0",
      "resolved": "https://registry.npmjs.org/joi/-/joi-14.3.0.tgz",
      "integrity": "sha512-0HKd1z8MWogez4GaU0LkY1FgW30vR2Kwy414GISfCU41OYgUC2GWpNe5amsvBZtDqPtt7DohykfOOMIw1Z5hvQ==",
      "requires": {
        "hoek": "6.x.x",
        "isemail": "3.x.x",
        "topo": "3.x.x"
      }
    },
    "punycode": {
      "version": "2.1.1",
      "resolved": "https://registry.npmjs.org/punycode/-/punycode-2.1.1.tgz",
      "integrity": "sha512-XRsRjdf+j5ml+y/6GKHPZbrF/8p2Yga0JPtdqTIY2Xe5ohJPD9saDJJLPvp9+NSBprVvevdXZybnj2cv8OEd0A=="
    },
    "topo": {
      "version": "3.0.3",
      "resolved": "https://registry.npmjs.org/topo/-/topo-3.0.3.tgz",
      "integrity": "sha512-IgpPtvD4kjrJ7CRA3ov2FhWQADwv+Tdqbsf1ZnPUSAtCJ9e1Z44MmoSGDXGk4IppoZA7jd/QRkNddlLJWlUZsQ==",
      "requires": {
        "hoek": "6.x.x"
      }
    },
    "wreck": {
      "version": "14.1.3",
      "resolved": "https://registry.npmjs.org/wreck/-/wreck-14.1.3.tgz",
      "integrity": "sha512-hb/BUtjX3ObbwO3slCOLCenQ4EP8e+n8j6FmTne3VhEFp5XV1faSJojiyxVSvw34vgdeTG5baLTl4NmjwokLlw==",
      "requires": {
        "boom": "7.x.x",
        "hoek": "6.x.x"
      }
    }
  }
}
